
Microsoft Visual Studio Solution File, Format Version 12.00
# Visual Studio Version 16
VisualStudioVersion = 16.0.31229.75
MinimumVisualStudioVersion = 10.0.40219.1
Project("{9A19103F-16F7-4668-BE54-9A1E7A4F7556}") = "TetraPak.AspNet", "TetraPak.AspNet\TetraPak.AspNet.csproj", "{FA78AD9F-783B-4279-BBDA-36692626BED4}"
EndProject
Project("{2150E333-8FDC-42A3-9474-1A3956D46DE8}") = "demo", "demo", "{E23719F6-8894-49F5-8EE5-23EC59CF08FD}"
EndProject
Project("{9A19103F-16F7-4668-BE54-9A1E7A4F7556}") = "demo.WebApp", "demo.WebApp\demo.WebApp.csproj", "{4500B2EF-8BEC-44E3-B8C2-9610363F74E8}"
EndProject
Project("{9A19103F-16F7-4668-BE54-9A1E7A4F7556}") = "TetraPak.Common", "..\TetraPak.Common\TetraPak.Common\TetraPak.Common.csproj", "{3F5B7F9B-6380-4915-B474-B9501A656E3B}"
EndProject
Project("{9A19103F-16F7-4668-BE54-9A1E7A4F7556}") = "demo.WebAPI", "demo.WebAPI\demo.WebAPI.csproj", "{09C524DA-F015-4231-BF80-85CFE8502580}"
EndProject
Project("{9A19103F-16F7-4668-BE54-9A1E7A4F7556}") = "TetraPak.AspNet.Api", "TetraPak.AspNet.Api\TetraPak.AspNet.Api.csproj", "{1D1C0D4C-BF00-46DA-B054-59B4B804BE2F}"
EndProject
Project("{2150E333-8FDC-42A3-9474-1A3956D46DE8}") = "_others_projects", "_others_projects", "{795C2A87-C568-4443-911E-EC3FA1CE342B}"
EndProject
Project("{2150E333-8FDC-42A3-9474-1A3956D46DE8}") = "tools", "tools", "{B1F612BB-3830-4DA4-8A58-019FFD4324C0}"
EndProject
Project("{9A19103F-16F7-4668-BE54-9A1E7A4F7556}") = "nugetproj", "aligncsproj\nugetproj.csproj", "{B58D08B4-29F7-4A0D-8866-B7DB87E7388C}"
EndProject
Project("{FAE04EC0-301F-11D3-BF4B-00C04F79EFBC}") = "nuget-projector", "nuget-projector\nuget-projector.csproj", "{219D05BC-BE89-4444-ABB0-CD46A56D4721}"
EndProject
Project("{2150E333-8FDC-42A3-9474-1A3956D46DE8}") = "_git", "_git", "{78C8969E-4312-4A4B-8216-F5C9921572BD}"
ProjectSection(SolutionItems) = preProject
	.gitignore = .gitignore
EndProjectSection
EndProject
Project("{2150E333-8FDC-42A3-9474-1A3956D46DE8}") = "_docs", "_docs", "{708865EB-B127-43BB-A7CF-D06EB4039404}"
ProjectSection(SolutionItems) = preProject
	README.md = README.md
EndProjectSection
EndProject
Project("{FAE04EC0-301F-11D3-BF4B-00C04F79EFBC}") = "demo.BackendServiceAPI", "demo.BackendServiceAPI\demo.BackendServiceAPI.csproj", "{C6D820E1-1F41-4235-9466-C86AAB308E4F}"
EndProject
Project("{2150E333-8FDC-42A3-9474-1A3956D46DE8}") = "_tests", "_tests", "{877B58B0-FF7F-4EDB-B15C-EEAECA9FA85E}"
EndProject
Project("{FAE04EC0-301F-11D3-BF4B-00C04F79EFBC}") = "TestProject1", "TestProject1\TestProject1.csproj", "{A9A70062-A5B2-49F9-B2DB-436138FA67AB}"
EndProject
Project("{FAE04EC0-301F-11D3-BF4B-00C04F79EFBC}") = "TetraPak.CLI", "TetraPak.CLI\TetraPak.CLI.csproj", "{9E016EF2-510F-450E-9C64-28994DB4E154}"
EndProject
Global
	GlobalSection(SolutionConfigurationPlatforms) = preSolution
		Debug|Any CPU = Debug|Any CPU
		Release|Any CPU = Release|Any CPU
	EndGlobalSection
	GlobalSection(ProjectConfigurationPlatforms) = postSolution
		{FA78AD9F-783B-4279-BBDA-36692626BED4}.Debug|Any CPU.ActiveCfg = Debug|Any CPU
		{FA78AD9F-783B-4279-BBDA-36692626BED4}.Debug|Any CPU.Build.0 = Debug|Any CPU
		{FA78AD9F-783B-4279-BBDA-36692626BED4}.Release|Any CPU.ActiveCfg = Release|Any CPU
		{FA78AD9F-783B-4279-BBDA-36692626BED4}.Release|Any CPU.Build.0 = Release|Any CPU
		{4500B2EF-8BEC-44E3-B8C2-9610363F74E8}.Debug|Any CPU.ActiveCfg = Debug|Any CPU
		{4500B2EF-8BEC-44E3-B8C2-9610363F74E8}.Debug|Any CPU.Build.0 = Debug|Any CPU
		{4500B2EF-8BEC-44E3-B8C2-9610363F74E8}.Release|Any CPU.ActiveCfg = Release|Any CPU
		{4500B2EF-8BEC-44E3-B8C2-9610363F74E8}.Release|Any CPU.Build.0 = Release|Any CPU
		{3F5B7F9B-6380-4915-B474-B9501A656E3B}.Debug|Any CPU.ActiveCfg = Debug|Any CPU
		{3F5B7F9B-6380-4915-B474-B9501A656E3B}.Debug|Any CPU.Build.0 = Debug|Any CPU
		{3F5B7F9B-6380-4915-B474-B9501A656E3B}.Release|Any CPU.ActiveCfg = Release|Any CPU
		{3F5B7F9B-6380-4915-B474-B9501A656E3B}.Release|Any CPU.Build.0 = Release|Any CPU
		{09C524DA-F015-4231-BF80-85CFE8502580}.Debug|Any CPU.ActiveCfg = Debug|Any CPU
		{09C524DA-F015-4231-BF80-85CFE8502580}.Debug|Any CPU.Build.0 = Debug|Any CPU
		{09C524DA-F015-4231-BF80-85CFE8502580}.Release|Any CPU.ActiveCfg = Release|Any CPU
		{09C524DA-F015-4231-BF80-85CFE8502580}.Release|Any CPU.Build.0 = Release|Any CPU
		{1D1C0D4C-BF00-46DA-B054-59B4B804BE2F}.Debug|Any CPU.ActiveCfg = Debug|Any CPU
		{1D1C0D4C-BF00-46DA-B054-59B4B804BE2F}.Debug|Any CPU.Build.0 = Debug|Any CPU
		{1D1C0D4C-BF00-46DA-B054-59B4B804BE2F}.Release|Any CPU.ActiveCfg = Release|Any CPU
		{1D1C0D4C-BF00-46DA-B054-59B4B804BE2F}.Release|Any CPU.Build.0 = Release|Any CPU
		{B58D08B4-29F7-4A0D-8866-B7DB87E7388C}.Debug|Any CPU.ActiveCfg = Debug|Any CPU
		{B58D08B4-29F7-4A0D-8866-B7DB87E7388C}.Debug|Any CPU.Build.0 = Debug|Any CPU
		{B58D08B4-29F7-4A0D-8866-B7DB87E7388C}.Release|Any CPU.ActiveCfg = Release|Any CPU
		{B58D08B4-29F7-4A0D-8866-B7DB87E7388C}.Release|Any CPU.Build.0 = Release|Any CPU
		{219D05BC-BE89-4444-ABB0-CD46A56D4721}.Debug|Any CPU.ActiveCfg = Debug|Any CPU
		{219D05BC-BE89-4444-ABB0-CD46A56D4721}.Debug|Any CPU.Build.0 = Debug|Any CPU
		{219D05BC-BE89-4444-ABB0-CD46A56D4721}.Release|Any CPU.ActiveCfg = Release|Any CPU
		{219D05BC-BE89-4444-ABB0-CD46A56D4721}.Release|Any CPU.Build.0 = Release|Any CPU
		{C6D820E1-1F41-4235-9466-C86AAB308E4F}.Debug|Any CPU.ActiveCfg = Debug|Any CPU
		{C6D820E1-1F41-4235-9466-C86AAB308E4F}.Debug|Any CPU.Build.0 = Debug|Any CPU
		{C6D820E1-1F41-4235-9466-C86AAB308E4F}.Release|Any CPU.ActiveCfg = Release|Any CPU
		{C6D820E1-1F41-4235-9466-C86AAB308E4F}.Release|Any CPU.Build.0 = Release|Any CPU
		{A9A70062-A5B2-49F9-B2DB-436138FA67AB}.Debug|Any CPU.ActiveCfg = Debug|Any CPU
		{A9A70062-A5B2-49F9-B2DB-436138FA67AB}.Debug|Any CPU.Build.0 = Debug|Any CPU
		{A9A70062-A5B2-49F9-B2DB-436138FA67AB}.Release|Any CPU.ActiveCfg = Release|Any CPU
		{A9A70062-A5B2-49F9-B2DB-436138FA67AB}.Release|Any CPU.Build.0 = Release|Any CPU
		{9E016EF2-510F-450E-9C64-28994DB4E154}.Debug|Any CPU.ActiveCfg = Debug|Any CPU
		{9E016EF2-510F-450E-9C64-28994DB4E154}.Debug|Any CPU.Build.0 = Debug|Any CPU
		{9E016EF2-510F-450E-9C64-28994DB4E154}.Release|Any CPU.ActiveCfg = Release|Any CPU
		{9E016EF2-510F-450E-9C64-28994DB4E154}.Release|Any CPU.Build.0 = Release|Any CPU
	EndGlobalSection
	GlobalSection(SolutionProperties) = preSolution
		HideSolutionNode = FALSE
	EndGlobalSection
	GlobalSection(NestedProjects) = preSolution
		{4500B2EF-8BEC-44E3-B8C2-9610363F74E8} = {E23719F6-8894-49F5-8EE5-23EC59CF08FD}
		{09C524DA-F015-4231-BF80-85CFE8502580} = {E23719F6-8894-49F5-8EE5-23EC59CF08FD}
		{B58D08B4-29F7-4A0D-8866-B7DB87E7388C} = {B1F612BB-3830-4DA4-8A58-019FFD4324C0}
		{219D05BC-BE89-4444-ABB0-CD46A56D4721} = {B1F612BB-3830-4DA4-8A58-019FFD4324C0}
		{C6D820E1-1F41-4235-9466-C86AAB308E4F} = {E23719F6-8894-49F5-8EE5-23EC59CF08FD}
		{A9A70062-A5B2-49F9-B2DB-436138FA67AB} = {877B58B0-FF7F-4EDB-B15C-EEAECA9FA85E}
		{9E016EF2-510F-450E-9C64-28994DB4E154} = {B1F612BB-3830-4DA4-8A58-019FFD4324C0}
	EndGlobalSection
	GlobalSection(ExtensibilityGlobals) = postSolution
		SolutionGuid = {E71ABC65-23C8-4F3A-8C06-54F0016D832B}
	EndGlobalSection
EndGlobal
